Microsoft Visual Studio Solution File, Format Version 12.00
# Visual Studio 14
VisualStudioVersion = 14.0.25420.1
MinimumVisualStudioVersion = 10.0.40219.1
Project("{FAE04EC0-301F-11D3-BF4B-00C04F79EFBC}") = "Com.Wiseape.Purchasing.Webservice", "Com.Wiseape.Purchasing.Webservice\Com.Wiseape.Purchasing.Webservice.csproj", "{1170B58B-7698-4213-B09D-6F725378FC77}"
EndProject
Project("{FAE04EC0-301F-11D3-BF4B-00C04F79EFBC}") = "Com.Wiseape.Utility", "Com.Wiseape.Utility\Com.Wiseape.Utility.csproj", "{810642A3-D345-4864-B6F7-1EB04C2B06CF}"
EndProject
Project("{FAE04EC0-301F-11D3-BF4B-00C04F79EFBC}") = "Com.Wiseape.Purchasing.Data", "Com.Wiseape.Purchasing.Data\Com.Wiseape.Purchasing.Data.csproj", "{EB0C8742-32E2-4CDF-B4DB-D52B6A83DC0D}"
EndProject
Project("{FAE04EC0-301F-11D3-BF4B-00C04F79EFBC}") = "Com.Wiseape.Purchasing.Business.Contracts", "Com.Wiseape.Purchasing.Business.Contracts\Com.Wiseape.Purchasing.Business.Contracts.csproj", "{E933A176-AF83-4FB6-B1F4-C27303BF4647}"
EndProject
Project("{FAE04EC0-301F-11D3-BF4B-00C04F79EFBC}") = "Com.Wiseape.Purchasing.Business.Services", "Com.Wiseape.Purchasing.Business.Services\Com.Wiseape.Purchasing.Business.Services.csproj", "{E5024CC6-F96C-4544-9902-75A1DBF6E24B}"
EndProject
Project("{FAE04EC0-301F-11D3-BF4B-00C04F79EFBC}") = "Com.Wiseape.Framework", "Com.Wiseape.Framework\Com.Wiseape.Framework.csproj", "{EA7E701B-2ADF-48F9-98BB-A24B57E988F6}"
EndProject
Project("{FAE04EC0-301F-11D3-BF4B-00C04F79EFBC}") = "Com.Wiseape.Purchasing.View", "Com.Wiseape.Purchasing.View\Com.Wiseape.Purchasing.View.csproj", "{0A1DE93B-82AF-410F-89A0-FF568A9160FF}"
EndProject
Global
	GlobalSection(SolutionConfigurationPlatforms) = preSolution
		Debug|Any CPU = Debug|Any CPU
		Release|Any CPU = Release|Any CPU
	EndGlobalSection
	GlobalSection(ProjectConfigurationPlatforms) = postSolution
		{1170B58B-7698-4213-B09D-6F725378FC77}.Debug|Any CPU.ActiveCfg = Debug|Any CPU
		{1170B58B-7698-4213-B09D-6F725378FC77}.Debug|Any CPU.Build.0 = Debug|Any CPU
		{1170B58B-7698-4213-B09D-6F725378FC77}.Release|Any CPU.ActiveCfg = Release|Any CPU
		{1170B58B-7698-4213-B09D-6F725378FC77}.Release|Any CPU.Build.0 = Release|Any CPU
		{810642A3-D345-4864-B6F7-1EB04C2B06CF}.Debug|Any CPU.ActiveCfg = Debug|Any CPU
		{810642A3-D345-4864-B6F7-1EB04C2B06CF}.Debug|Any CPU.Build.0 = Debug|Any CPU
		{810642A3-D345-4864-B6F7-1EB04C2B06CF}.Release|Any CPU.ActiveCfg = Release|Any CPU
		{810642A3-D345-4864-B6F7-1EB04C2B06CF}.Release|Any CPU.Build.0 = Release|Any CPU
		{EB0C8742-32E2-4CDF-B4DB-D52B6A83DC0D}.Debug|Any CPU.ActiveCfg = Debug|Any CPU
		{EB0C8742-32E2-4CDF-B4DB-D52B6A83DC0D}.Debug|Any CPU.Build.0 = Debug|Any CPU
		{EB0C8742-32E2-4CDF-B4DB-D52B6A83DC0D}.Release|Any CPU.ActiveCfg = Release|Any CPU
		{EB0C8742-32E2-4CDF-B4DB-D52B6A83DC0D}.Release|Any CPU.Build.0 = Release|Any CPU
		{E933A176-AF83-4FB6-B1F4-C27303BF4647}.Debug|Any CPU.ActiveCfg = Debug|Any CPU
		{E933A176-AF83-4FB6-B1F4-C27303BF4647}.Debug|Any CPU.Build.0 = Debug|Any CPU
		{E933A176-AF83-4FB6-B1F4-C27303BF4647}.Release|Any CPU.ActiveCfg = Release|Any CPU
		{E933A176-AF83-4FB6-B1F4-C27303BF4647}.Release|Any CPU.Build.0 = Release|Any CPU
		{E5024CC6-F96C-4544-9902-75A1DBF6E24B}.Debug|Any CPU.ActiveCfg = Debug|Any CPU
		{E5024CC6-F96C-4544-9902-75A1DBF6E24B}.Debug|Any CPU.Build.0 = Debug|Any CPU
		{E5024CC6-F96C-4544-9902-75A1DBF6E24B}.Release|Any CPU.ActiveCfg = Release|Any CPU
		{E5024CC6-F96C-4544-9902-75A1DBF6E24B}.Release|Any CPU.Build.0 = Release|Any CPU
		{EA7E701B-2ADF-48F9-98BB-A24B57E988F6}.Debug|Any CPU.ActiveCfg = Debug|Any CPU
		{EA7E701B-2ADF-48F9-98BB-A24B57E988F6}.Debug|Any CPU.Build.0 = Debug|Any CPU
		{EA7E701B-2ADF-48F9-98BB-A24B57E988F6}.Release|Any CPU.ActiveCfg = Release|Any CPU
		{EA7E701B-2ADF-48F9-98BB-A24B57E988F6}.Release|Any CPU.Build.0 = Release|Any CPU
		{0A1DE93B-82AF-410F-89A0-FF568A9160FF}.Debug|Any CPU.ActiveCfg = Debug|Any CPU
		{0A1DE93B-82AF-410F-89A0-FF568A9160FF}.Debug|Any CPU.Build.0 = Debug|Any CPU
		{0A1DE93B-82AF-410F-89A0-FF568A9160FF}.Release|Any CPU.ActiveCfg = Release|Any CPU
		{0A1DE93B-82AF-410F-89A0-FF568A9160FF}.Release|Any CPU.Build.0 = Release|Any CPU
	EndGlobalSection
	GlobalSection(SolutionProperties) = preSolution
		HideSolutionNode = FALSE
	EndGlobalSection
EndGlobal
